
Microsoft Visual Studio Solution File, Format Version 12.00
# Visual Studio Version 16
VisualStudioVersion = 16.0.29102.190
MinimumVisualStudioVersion = 10.0.40219.1
Project("{FAE04EC0-301F-11D3-BF4B-00C04F79EFBC}") = "Poc.MQTT", "Poc.MQTT\Poc.MQTT.csproj", "{891DB967-6D53-4DE3-A714-D5A8F5D7BB8E}"
EndProject
Project("{9A19103F-16F7-4668-BE54-9A1E7A4F7556}") = "ChickenAPI.Messaging", "ChickenAPI.Messaging\ChickenAPI.Messaging.csproj", "{2B4DADA2-CECA-4556-AE39-3E901A7FE04F}"
EndProject
Global
	GlobalSection(SolutionConfigurationPlatforms) = preSolution
		Debug|Any CPU = Debug|Any CPU
		Release|Any CPU = Release|Any CPU
	EndGlobalSection
	GlobalSection(ProjectConfigurationPlatforms) = postSolution
		{891DB967-6D53-4DE3-A714-D5A8F5D7BB8E}.Debug|Any CPU.ActiveCfg = Debug|Any CPU
		{891DB967-6D53-4DE3-A714-D5A8F5D7BB8E}.Debug|Any CPU.Build.0 = Debug|Any CPU
		{891DB967-6D53-4DE3-A714-D5A8F5D7BB8E}.Release|Any CPU.ActiveCfg = Release|Any CPU
		{891DB967-6D53-4DE3-A714-D5A8F5D7BB8E}.Release|Any CPU.Build.0 = Release|Any CPU
		{2B4DADA2-CECA-4556-AE39-3E901A7FE04F}.Debug|Any CPU.ActiveCfg = Debug|Any CPU
		{2B4DADA2-CECA-4556-AE39-3E901A7FE04F}.Debug|Any CPU.Build.0 = Debug|Any CPU
		{2B4DADA2-CECA-4556-AE39-3E901A7FE04F}.Release|Any CPU.ActiveCfg = Release|Any CPU
		{2B4DADA2-CECA-4556-AE39-3E901A7FE04F}.Release|Any CPU.Build.0 = Release|Any CPU
	EndGlobalSection
	GlobalSection(SolutionProperties) = preSolution
		HideSolutionNode = FALSE
	EndGlobalSection
	GlobalSection(ExtensibilityGlobals) = postSolution
		SolutionGuid = {66351A33-0D16-4473-9F6C-9A64C8DF64D5}
	EndGlobalSection
EndGlobal
